
Microsoft Visual Studio Solution File, Format Version 12.00
# Visual Studio Version 16
VisualStudioVersion = 16.0.30804.86
MinimumVisualStudioVersion = 10.0.40219.1
Project("{FAE04EC0-301F-11D3-BF4B-00C04F79EFBC}") = "Data", "Data\Data.csproj", "{CAFF09D7-F5A6-496E-88BD-1227D4844991}"
	ProjectSection(ProjectDependencies) = postProject
		{B14B9DFB-34C5-41A4-A534-EAD0CDC0880D} = {B14B9DFB-34C5-41A4-A534-EAD0CDC0880D}
	EndProjectSection
EndProject
Project("{FAE04EC0-301F-11D3-BF4B-00C04F79EFBC}") = "IData", "IData\IData.csproj", "{B14B9DFB-34C5-41A4-A534-EAD0CDC0880D}"
EndProject
Project("{FAE04EC0-301F-11D3-BF4B-00C04F79EFBC}") = "UI", "UI\UI.csproj", "{643E6DE3-0B10-4950-8C0B-CC55E9897F2C}"
EndProject
Project("{2150E333-8FDC-42A3-9474-1A3956D46DE8}") = "00_Data_Structure", "00_Data_Structure", "{69CD59B0-E1D1-4C77-927E-33A86429A0E6}"
EndProject
Project("{2150E333-8FDC-42A3-9474-1A3956D46DE8}") = "01_Saving", "01_Saving", "{0DAD8EFB-0DC4-4A11-8ED4-8D844477971E}"
EndProject
Project("{2150E333-8FDC-42A3-9474-1A3956D46DE8}") = "02_UI", "02_UI", "{0772CA5A-378C-4974-9746-A9BC97ABDE7A}"
EndProject
Project("{9A19103F-16F7-4668-BE54-9A1E7A4F7556}") = "XmlSaver", "src\XmlSaver\XmlSaver.csproj", "{A21D34A5-C6CF-4FD9-86E0-4E2350184290}"
EndProject
Project("{FAE04EC0-301F-11D3-BF4B-00C04F79EFBC}") = "UI.Wpf", "src\UI.Wpf\UI.Wpf.csproj", "{B83056A9-49FE-48EC-8C72-B97DBDDA8330}"
EndProject
Global
	GlobalSection(SolutionConfigurationPlatforms) = preSolution
		Debug|Any CPU = Debug|Any CPU
		Debug|ARM = Debug|ARM
		Debug|ARM64 = Debug|ARM64
		Debug|x64 = Debug|x64
		Debug|x86 = Debug|x86
		Release|Any CPU = Release|Any CPU
		Release|ARM = Release|ARM
		Release|ARM64 = Release|ARM64
		Release|x64 = Release|x64
		Release|x86 = Release|x86
	EndGlobalSection
	GlobalSection(ProjectConfigurationPlatforms) = postSolution
		{CAFF09D7-F5A6-496E-88BD-1227D4844991}.Debug|Any CPU.ActiveCfg = Debug|Any CPU
		{CAFF09D7-F5A6-496E-88BD-1227D4844991}.Debug|Any CPU.Build.0 = Debug|Any CPU
		{CAFF09D7-F5A6-496E-88BD-1227D4844991}.Debug|ARM.ActiveCfg = Debug|Any CPU
		{CAFF09D7-F5A6-496E-88BD-1227D4844991}.Debug|ARM.Build.0 = Debug|Any CPU
		{CAFF09D7-F5A6-496E-88BD-1227D4844991}.Debug|ARM64.ActiveCfg = Debug|Any CPU
		{CAFF09D7-F5A6-496E-88BD-1227D4844991}.Debug|ARM64.Build.0 = Debug|Any CPU
		{CAFF09D7-F5A6-496E-88BD-1227D4844991}.Debug|x64.ActiveCfg = Debug|Any CPU
		{CAFF09D7-F5A6-496E-88BD-1227D4844991}.Debug|x64.Build.0 = Debug|Any CPU
		{CAFF09D7-F5A6-496E-88BD-1227D4844991}.Debug|x86.ActiveCfg = Debug|Any CPU
		{CAFF09D7-F5A6-496E-88BD-1227D4844991}.Debug|x86.Build.0 = Debug|Any CPU
		{CAFF09D7-F5A6-496E-88BD-1227D4844991}.Release|Any CPU.ActiveCfg = Release|Any CPU
		{CAFF09D7-F5A6-496E-88BD-1227D4844991}.Release|Any CPU.Build.0 = Release|Any CPU
		{CAFF09D7-F5A6-496E-88BD-1227D4844991}.Release|ARM.ActiveCfg = Release|Any CPU
		{CAFF09D7-F5A6-496E-88BD-1227D4844991}.Release|ARM.Build.0 = Release|Any CPU
		{CAFF09D7-F5A6-496E-88BD-1227D4844991}.Release|ARM64.ActiveCfg = Release|Any CPU
		{CAFF09D7-F5A6-496E-88BD-1227D4844991}.Release|ARM64.Build.0 = Release|Any CPU
		{CAFF09D7-F5A6-496E-88BD-1227D4844991}.Release|x64.ActiveCfg = Release|Any CPU
		{CAFF09D7-F5A6-496E-88BD-1227D4844991}.Release|x64.Build.0 = Release|Any CPU
		{CAFF09D7-F5A6-496E-88BD-1227D4844991}.Release|x86.ActiveCfg = Release|Any CPU
		{CAFF09D7-F5A6-496E-88BD-1227D4844991}.Release|x86.Build.0 = Release|Any CPU
		{B14B9DFB-34C5-41A4-A534-EAD0CDC0880D}.Debug|Any CPU.ActiveCfg = Debug|Any CPU
		{B14B9DFB-34C5-41A4-A534-EAD0CDC0880D}.Debug|Any CPU.Build.0 = Debug|Any CPU
		{B14B9DFB-34C5-41A4-A534-EAD0CDC0880D}.Debug|ARM.ActiveCfg = Debug|Any CPU
		{B14B9DFB-34C5-41A4-A534-EAD0CDC0880D}.Debug|ARM.Build.0 = Debug|Any CPU
		{B14B9DFB-34C5-41A4-A534-EAD0CDC0880D}.Debug|ARM64.ActiveCfg = Debug|Any CPU
		{B14B9DFB-34C5-41A4-A534-EAD0CDC0880D}.Debug|ARM64.Build.0 = Debug|Any CPU
		{B14B9DFB-34C5-41A4-A534-EAD0CDC0880D}.Debug|x64.ActiveCfg = Debug|Any CPU
		{B14B9DFB-34C5-41A4-A534-EAD0CDC0880D}.Debug|x64.Build.0 = Debug|Any CPU
		{B14B9DFB-34C5-41A4-A534-EAD0CDC0880D}.Debug|x86.ActiveCfg = Debug|Any CPU
		{B14B9DFB-34C5-41A4-A534-EAD0CDC0880D}.Debug|x86.Build.0 = Debug|Any CPU
		{B14B9DFB-34C5-41A4-A534-EAD0CDC0880D}.Release|Any CPU.ActiveCfg = Release|Any CPU
		{B14B9DFB-34C5-41A4-A534-EAD0CDC0880D}.Release|Any CPU.Build.0 = Release|Any CPU
		{B14B9DFB-34C5-41A4-A534-EAD0CDC0880D}.Release|ARM.ActiveCfg = Release|Any CPU
		{B14B9DFB-34C5-41A4-A534-EAD0CDC0880D}.Release|ARM.Build.0 = Release|Any CPU
		{B14B9DFB-34C5-41A4-A534-EAD0CDC0880D}.Release|ARM64.ActiveCfg = Release|Any CPU
		{B14B9DFB-34C5-41A4-A534-EAD0CDC0880D}.Release|ARM64.Build.0 = Release|Any CPU
		{B14B9DFB-34C5-41A4-A534-EAD0CDC0880D}.Release|x64.ActiveCfg = Release|Any CPU
		{B14B9DFB-34C5-41A4-A534-EAD0CDC0880D}.Release|x64.Build.0 = Release|Any CPU
		{B14B9DFB-34C5-41A4-A534-EAD0CDC0880D}.Release|x86.ActiveCfg = Release|Any CPU
		{B14B9DFB-34C5-41A4-A534-EAD0CDC0880D}.Release|x86.Build.0 = Release|Any CPU
		{643E6DE3-0B10-4950-8C0B-CC55E9897F2C}.Debug|Any CPU.ActiveCfg = Debug|Any CPU
		{643E6DE3-0B10-4950-8C0B-CC55E9897F2C}.Debug|Any CPU.Build.0 = Debug|Any CPU
		{643E6DE3-0B10-4950-8C0B-CC55E9897F2C}.Debug|ARM.ActiveCfg = Debug|Any CPU
		{643E6DE3-0B10-4950-8C0B-CC55E9897F2C}.Debug|ARM.Build.0 = Debug|Any CPU
		{643E6DE3-0B10-4950-8C0B-CC55E9897F2C}.Debug|ARM64.ActiveCfg = Debug|Any CPU
		{643E6DE3-0B10-4950-8C0B-CC55E9897F2C}.Debug|ARM64.Build.0 = Debug|Any CPU
		{643E6DE3-0B10-4950-8C0B-CC55E9897F2C}.Debug|x64.ActiveCfg = Debug|Any CPU
		{643E6DE3-0B10-4950-8C0B-CC55E9897F2C}.Debug|x64.Build.0 = Debug|Any CPU
		{643E6DE3-0B10-4950-8C0B-CC55E9897F2C}.Debug|x86.ActiveCfg = Debug|Any CPU
		{643E6DE3-0B10-4950-8C0B-CC55E9897F2C}.Debug|x86.Build.0 = Debug|Any CPU
		{643E6DE3-0B10-4950-8C0B-CC55E9897F2C}.Release|Any CPU.ActiveCfg = Release|Any CPU
		{643E6DE3-0B10-4950-8C0B-CC55E9897F2C}.Release|Any CPU.Build.0 = Release|Any CPU
		{643E6DE3-0B10-4950-8C0B-CC55E9897F2C}.Release|ARM.ActiveCfg = Release|Any CPU
		{643E6DE3-0B10-4950-8C0B-CC55E9897F2C}.Release|ARM.Build.0 = Release|Any CPU
		{643E6DE3-0B10-4950-8C0B-CC55E9897F2C}.Release|ARM64.ActiveCfg = Release|Any CPU
		{643E6DE3-0B10-4950-8C0B-CC55E9897F2C}.Release|ARM64.Build.0 = Release|Any CPU
		{643E6DE3-0B10-4950-8C0B-CC55E9897F2C}.Release|x64.ActiveCfg = Release|Any CPU
		{643E6DE3-0B10-4950-8C0B-CC55E9897F2C}.Release|x64.Build.0 = Release|Any CPU
		{643E6DE3-0B10-4950-8C0B-CC55E9897F2C}.Release|x86.ActiveCfg = Release|Any CPU
		{643E6DE3-0B10-4950-8C0B-CC55E9897F2C}.Release|x86.Build.0 = Release|Any CPU
		{A21D34A5-C6CF-4FD9-86E0-4E2350184290}.Debug|Any CPU.ActiveCfg = Debug|Any CPU
		{A21D34A5-C6CF-4FD9-86E0-4E2350184290}.Debug|Any CPU.Build.0 = Debug|Any CPU
		{A21D34A5-C6CF-4FD9-86E0-4E2350184290}.Debug|ARM.ActiveCfg = Debug|Any CPU
		{A21D34A5-C6CF-4FD9-86E0-4E2350184290}.Debug|ARM.Build.0 = Debug|Any CPU
		{A21D34A5-C6CF-4FD9-86E0-4E2350184290}.Debug|ARM64.ActiveCfg = Debug|Any CPU
		{A21D34A5-C6CF-4FD9-86E0-4E2350184290}.Debug|ARM64.Build.0 = Debug|Any CPU
		{A21D34A5-C6CF-4FD9-86E0-4E2350184290}.Debug|x64.ActiveCfg = Debug|Any CPU
		{A21D34A5-C6CF-4FD9-86E0-4E2350184290}.Debug|x64.Build.0 = Debug|Any CPU
		{A21D34A5-C6CF-4FD9-86E0-4E2350184290}.Debug|x86.ActiveCfg = Debug|Any CPU
		{A21D34A5-C6CF-4FD9-86E0-4E2350184290}.Debug|x86.Build.0 = Debug|Any CPU
		{A21D34A5-C6CF-4FD9-86E0-4E2350184290}.Release|Any CPU.ActiveCfg = Release|Any CPU
		{A21D34A5-C6CF-4FD9-86E0-4E2350184290}.Release|Any CPU.Build.0 = Release|Any CPU
		{A21D34A5-C6CF-4FD9-86E0-4E2350184290}.Release|ARM.ActiveCfg = Release|Any CPU
		{A21D34A5-C6CF-4FD9-86E0-4E2350184290}.Release|ARM.Build.0 = Release|Any CPU
		{A21D34A5-C6CF-4FD9-86E0-4E2350184290}.Release|ARM64.ActiveCfg = Release|Any CPU
		{A21D34A5-C6CF-4FD9-86E0-4E2350184290}.Release|ARM64.Build.0 = Release|Any CPU
		{A21D34A5-C6CF-4FD9-86E0-4E2350184290}.Release|x64.ActiveCfg = Release|Any CPU
		{A21D34A5-C6CF-4FD9-86E0-4E2350184290}.Release|x64.Build.0 = Release|Any CPU
		{A21D34A5-C6CF-4FD9-86E0-4E2350184290}.Release|x86.ActiveCfg = Release|Any CPU
		{A21D34A5-C6CF-4FD9-86E0-4E2350184290}.Release|x86.Build.0 = Release|Any CPU
		{B83056A9-49FE-48EC-8C72-B97DBDDA8330}.Debug|Any CPU.ActiveCfg = Debug|Any CPU
		{B83056A9-49FE-48EC-8C72-B97DBDDA8330}.Debug|Any CPU.Build.0 = Debug|Any CPU
		{B83056A9-49FE-48EC-8C72-B97DBDDA8330}.Debug|ARM.ActiveCfg = Debug|Any CPU
		{B83056A9-49FE-48EC-8C72-B97DBDDA8330}.Debug|ARM.Build.0 = Debug|Any CPU
		{B83056A9-49FE-48EC-8C72-B97DBDDA8330}.Debug|ARM64.ActiveCfg = Debug|Any CPU
		{B83056A9-49FE-48EC-8C72-B97DBDDA8330}.Debug|ARM64.Build.0 = Debug|Any CPU
		{B83056A9-49FE-48EC-8C72-B97DBDDA8330}.Debug|x64.ActiveCfg = Debug|Any CPU
		{B83056A9-49FE-48EC-8C72-B97DBDDA8330}.Debug|x64.Build.0 = Debug|Any CPU
		{B83056A9-49FE-48EC-8C72-B97DBDDA8330}.Debug|x86.ActiveCfg = Debug|Any CPU
		{B83056A9-49FE-48EC-8C72-B97DBDDA8330}.Debug|x86.Build.0 = Debug|Any CPU
		{B83056A9-49FE-48EC-8C72-B97DBDDA8330}.Release|Any CPU.ActiveCfg = Release|Any CPU
		{B83056A9-49FE-48EC-8C72-B97DBDDA8330}.Release|Any CPU.Build.0 = Release|Any CPU
		{B83056A9-49FE-48EC-8C72-B97DBDDA8330}.Release|ARM.ActiveCfg = Release|Any CPU
		{B83056A9-49FE-48EC-8C72-B97DBDDA8330}.Release|ARM.Build.0 = Release|Any CPU
		{B83056A9-49FE-48EC-8C72-B97DBDDA8330}.Release|ARM64.ActiveCfg = Release|Any CPU
		{B83056A9-49FE-48EC-8C72-B97DBDDA8330}.Release|ARM64.Build.0 = Release|Any CPU
		{B83056A9-49FE-48EC-8C72-B97DBDDA8330}.Release|x64.ActiveCfg = Release|Any CPU
		{B83056A9-49FE-48EC-8C72-B97DBDDA8330}.Release|x64.Build.0 = Release|Any CPU
		{B83056A9-49FE-48EC-8C72-B97DBDDA8330}.Release|x86.ActiveCfg = Release|Any CPU
		{B83056A9-49FE-48EC-8C72-B97DBDDA8330}.Release|x86.Build.0 = Release|Any CPU
	EndGlobalSection
	GlobalSection(SolutionProperties) = preSolution
		HideSolutionNode = FALSE
	EndGlobalSection
	GlobalSection(NestedProjects) = preSolution
		{CAFF09D7-F5A6-496E-88BD-1227D4844991} = {69CD59B0-E1D1-4C77-927E-33A86429A0E6}
		{B14B9DFB-34C5-41A4-A534-EAD0CDC0880D} = {69CD59B0-E1D1-4C77-927E-33A86429A0E6}
		{643E6DE3-0B10-4950-8C0B-CC55E9897F2C} = {0772CA5A-378C-4974-9746-A9BC97ABDE7A}
		{A21D34A5-C6CF-4FD9-86E0-4E2350184290} = {0DAD8EFB-0DC4-4A11-8ED4-8D844477971E}
		{B83056A9-49FE-48EC-8C72-B97DBDDA8330} = {0772CA5A-378C-4974-9746-A9BC97ABDE7A}
	EndGlobalSection
	GlobalSection(ExtensibilityGlobals) = postSolution
		SolutionGuid = {D0FBC1E5-0CA9-4C51-B95D-E9BD22D3E3F7}
	EndGlobalSection
EndGlobal
